
Microsoft Visual Studio Solution File, Format Version 12.00
# Visual Studio Version 17
VisualStudioVersion = 17.1.32228.430
MinimumVisualStudioVersion = 10.0.40219.1
Project("{2150E333-8FDC-42A3-9474-1A3956D46DE8}") = "Services", "Services", "{1871A2A7-0257-422F-99E5-E48788006518}"
EndProject
Project("{2150E333-8FDC-42A3-9474-1A3956D46DE8}") = "Products", "Products", "{474B2E66-8414-4FD0-AFFC-E394B39614F5}"
EndProject
Project("{9A19103F-16F7-4668-BE54-9A1E7A4F7556}") = "Products.API", "Services\Products\Products.API\Products.API.csproj", "{282FC5B1-4D6D-4B2B-BC3F-72D68EA3963A}"
EndProject
Project("{2150E333-8FDC-42A3-9474-1A3956D46DE8}") = "Categories", "Categories", "{00F9B271-62BA-4BA5-9CA9-5B1B7A7BB1EE}"
EndProject
Project("{2150E333-8FDC-42A3-9474-1A3956D46DE8}") = "Gateways", "Gateways", "{2A76C161-E343-4833-8614-F038ADCE4E9C}"
EndProject
Project("{9A19103F-16F7-4668-BE54-9A1E7A4F7556}") = "Categories.API", "Services\Categories\Categories.API\Categories.API.csproj", "{9AA68920-207B-4213-BC63-917D41252A79}"
EndProject
Project("{9A19103F-16F7-4668-BE54-9A1E7A4F7556}") = "Web.Bff", "Gateways\Web.Bff\Web.Bff.csproj", "{DC738DBC-3991-4E2D-A146-C71CA7E05275}"
EndProject
Project("{2150E333-8FDC-42A3-9474-1A3956D46DE8}") = "Basket", "Basket", "{A90F7CC2-C3A2-4549-97E6-E4FCAD7C887F}"
EndProject
Project("{9A19103F-16F7-4668-BE54-9A1E7A4F7556}") = "Baskets.API", "Services\Basket\Baskets.API\Baskets.API.csproj", "{405DE365-D8DA-418D-9E94-E7BD655BB360}"
EndProject
Project("{2150E333-8FDC-42A3-9474-1A3956D46DE8}") = "Web", "Web", "{076EE918-7F26-4CB5-83DE-54DE1D3F1409}"
EndProject
Project("{2150E333-8FDC-42A3-9474-1A3956D46DE8}") = "Identity", "Identity", "{324F8AC4-6BB8-49CE-A9D3-B7866823AAAD}"
EndProject
Project("{9A19103F-16F7-4668-BE54-9A1E7A4F7556}") = "Identity.API", "Services\Identity\Identity.API\Identity.API.csproj", "{05FE136E-69DC-4C2E-AA36-650F0DBEB6EF}"
EndProject
Project("{9A19103F-16F7-4668-BE54-9A1E7A4F7556}") = "WebMVC", "web\WebMVC\WebMVC.csproj", "{275CEB02-B6EB-4989-B8F5-FF274C4109E7}"
EndProject
Project("{FAE04EC0-301F-11D3-BF4B-00C04F79EFBC}") = "Products.Domain", "Services\Products\Products.Domain\Products.Domain.csproj", "{8657336F-786F-40B7-882A-AB992455BE82}"
EndProject
Project("{FAE04EC0-301F-11D3-BF4B-00C04F79EFBC}") = "Products.Infrastructure", "Services\Products\Products.Infrastructure\Products.Infrastructure.csproj", "{910D12BB-D4BF-4DDC-B842-D3BC1FC435C9}"
EndProject
Project("{FAE04EC0-301F-11D3-BF4B-00C04F79EFBC}") = "Products.Application", "Services\Products\Products.Application\Products.Application.csproj", "{B5A8FDC8-5522-4B5A-94FE-07A4F3D754E6}"
EndProject
Global
	GlobalSection(SolutionConfigurationPlatforms) = preSolution
		Debug|Any CPU = Debug|Any CPU
		Release|Any CPU = Release|Any CPU
	EndGlobalSection
	GlobalSection(ProjectConfigurationPlatforms) = postSolution
		{282FC5B1-4D6D-4B2B-BC3F-72D68EA3963A}.Debug|Any CPU.ActiveCfg = Debug|Any CPU
		{282FC5B1-4D6D-4B2B-BC3F-72D68EA3963A}.Debug|Any CPU.Build.0 = Debug|Any CPU
		{282FC5B1-4D6D-4B2B-BC3F-72D68EA3963A}.Release|Any CPU.ActiveCfg = Release|Any CPU
		{282FC5B1-4D6D-4B2B-BC3F-72D68EA3963A}.Release|Any CPU.Build.0 = Release|Any CPU
		{9AA68920-207B-4213-BC63-917D41252A79}.Debug|Any CPU.ActiveCfg = Debug|Any CPU
		{9AA68920-207B-4213-BC63-917D41252A79}.Debug|Any CPU.Build.0 = Debug|Any CPU
		{9AA68920-207B-4213-BC63-917D41252A79}.Release|Any CPU.ActiveCfg = Release|Any CPU
		{9AA68920-207B-4213-BC63-917D41252A79}.Release|Any CPU.Build.0 = Release|Any CPU
		{DC738DBC-3991-4E2D-A146-C71CA7E05275}.Debug|Any CPU.ActiveCfg = Debug|Any CPU
		{DC738DBC-3991-4E2D-A146-C71CA7E05275}.Debug|Any CPU.Build.0 = Debug|Any CPU
		{DC738DBC-3991-4E2D-A146-C71CA7E05275}.Release|Any CPU.ActiveCfg = Release|Any CPU
		{DC738DBC-3991-4E2D-A146-C71CA7E05275}.Release|Any CPU.Build.0 = Release|Any CPU
		{405DE365-D8DA-418D-9E94-E7BD655BB360}.Debug|Any CPU.ActiveCfg = Debug|Any CPU
		{405DE365-D8DA-418D-9E94-E7BD655BB360}.Debug|Any CPU.Build.0 = Debug|Any CPU
		{405DE365-D8DA-418D-9E94-E7BD655BB360}.Release|Any CPU.ActiveCfg = Release|Any CPU
		{405DE365-D8DA-418D-9E94-E7BD655BB360}.Release|Any CPU.Build.0 = Release|Any CPU
		{05FE136E-69DC-4C2E-AA36-650F0DBEB6EF}.Debug|Any CPU.ActiveCfg = Debug|Any CPU
		{05FE136E-69DC-4C2E-AA36-650F0DBEB6EF}.Debug|Any CPU.Build.0 = Debug|Any CPU
		{05FE136E-69DC-4C2E-AA36-650F0DBEB6EF}.Release|Any CPU.ActiveCfg = Release|Any CPU
		{05FE136E-69DC-4C2E-AA36-650F0DBEB6EF}.Release|Any CPU.Build.0 = Release|Any CPU
		{275CEB02-B6EB-4989-B8F5-FF274C4109E7}.Debug|Any CPU.ActiveCfg = Debug|Any CPU
		{275CEB02-B6EB-4989-B8F5-FF274C4109E7}.Debug|Any CPU.Build.0 = Debug|Any CPU
		{275CEB02-B6EB-4989-B8F5-FF274C4109E7}.Release|Any CPU.ActiveCfg = Release|Any CPU
		{275CEB02-B6EB-4989-B8F5-FF274C4109E7}.Release|Any CPU.Build.0 = Release|Any CPU
		{8657336F-786F-40B7-882A-AB992455BE82}.Debug|Any CPU.ActiveCfg = Debug|Any CPU
		{8657336F-786F-40B7-882A-AB992455BE82}.Debug|Any CPU.Build.0 = Debug|Any CPU
		{8657336F-786F-40B7-882A-AB992455BE82}.Release|Any CPU.ActiveCfg = Release|Any CPU
		{8657336F-786F-40B7-882A-AB992455BE82}.Release|Any CPU.Build.0 = Release|Any CPU
		{910D12BB-D4BF-4DDC-B842-D3BC1FC435C9}.Debug|Any CPU.ActiveCfg = Debug|Any CPU
		{910D12BB-D4BF-4DDC-B842-D3BC1FC435C9}.Debug|Any CPU.Build.0 = Debug|Any CPU
		{910D12BB-D4BF-4DDC-B842-D3BC1FC435C9}.Release|Any CPU.ActiveCfg = Release|Any CPU
		{910D12BB-D4BF-4DDC-B842-D3BC1FC435C9}.Release|Any CPU.Build.0 = Release|Any CPU
		{B5A8FDC8-5522-4B5A-94FE-07A4F3D754E6}.Debug|Any CPU.ActiveCfg = Debug|Any CPU
		{B5A8FDC8-5522-4B5A-94FE-07A4F3D754E6}.Debug|Any CPU.Build.0 = Debug|Any CPU
		{B5A8FDC8-5522-4B5A-94FE-07A4F3D754E6}.Release|Any CPU.ActiveCfg = Release|Any CPU
		{B5A8FDC8-5522-4B5A-94FE-07A4F3D754E6}.Release|Any CPU.Build.0 = Release|Any CPU
	EndGlobalSection
	GlobalSection(SolutionProperties) = preSolution
		HideSolutionNode = FALSE
	EndGlobalSection
	GlobalSection(NestedProjects) = preSolution
		{474B2E66-8414-4FD0-AFFC-E394B39614F5} = {1871A2A7-0257-422F-99E5-E48788006518}
		{282FC5B1-4D6D-4B2B-BC3F-72D68EA3963A} = {474B2E66-8414-4FD0-AFFC-E394B39614F5}
		{00F9B271-62BA-4BA5-9CA9-5B1B7A7BB1EE} = {1871A2A7-0257-422F-99E5-E48788006518}
		{9AA68920-207B-4213-BC63-917D41252A79} = {00F9B271-62BA-4BA5-9CA9-5B1B7A7BB1EE}
		{DC738DBC-3991-4E2D-A146-C71CA7E05275} = {2A76C161-E343-4833-8614-F038ADCE4E9C}
		{A90F7CC2-C3A2-4549-97E6-E4FCAD7C887F} = {1871A2A7-0257-422F-99E5-E48788006518}
		{405DE365-D8DA-418D-9E94-E7BD655BB360} = {A90F7CC2-C3A2-4549-97E6-E4FCAD7C887F}
		{324F8AC4-6BB8-49CE-A9D3-B7866823AAAD} = {1871A2A7-0257-422F-99E5-E48788006518}
		{05FE136E-69DC-4C2E-AA36-650F0DBEB6EF} = {324F8AC4-6BB8-49CE-A9D3-B7866823AAAD}
		{275CEB02-B6EB-4989-B8F5-FF274C4109E7} = {076EE918-7F26-4CB5-83DE-54DE1D3F1409}
		{8657336F-786F-40B7-882A-AB992455BE82} = {474B2E66-8414-4FD0-AFFC-E394B39614F5}
		{910D12BB-D4BF-4DDC-B842-D3BC1FC435C9} = {474B2E66-8414-4FD0-AFFC-E394B39614F5}
		{B5A8FDC8-5522-4B5A-94FE-07A4F3D754E6} = {474B2E66-8414-4FD0-AFFC-E394B39614F5}
	EndGlobalSection
	GlobalSection(ExtensibilityGlobals) = postSolution
		SolutionGuid = {B56FB0DA-9D02-45EC-BD27-4F37F9DBA947}
	EndGlobalSection
EndGlobal
